# This file is automatically @generated by Cargo.
# It is not intended for manual editing.
version = 4

[[package]]
name = "tear"
version = "0.1.0"
dependencies = [
 "tear-client",
 "tear-core",
 "tear-tmux-backend",
 "tear-types",
]

[[package]]
name = "tear-client"
version = "0.1.0"
dependencies = [
 "tear-types",
]

[[package]]
name = "tear-core"
version = "0.1.0"
dependencies = [
 "tear-types",
]

[[package]]
name = "tear-daemon"
version = "0.1.0"
dependencies = [
 "tear-core",
 "tear-types",
]

[[package]]
name = "tear-tmux-backend"
version = "0.1.0"
dependencies = [
 "tear-types",
]

[[package]]
name = "tear-types"
version = "0.1.0"
